
Microsoft Visual Studio Solution File, Format Version 12.00
# Visual Studio 15
VisualStudioVersion = 15.0.26124.0
MinimumVisualStudioVersion = 15.0.26124.0
Project("{FAE04EC0-301F-11D3-BF4B-00C04F79EFBC}") = "Web", "Web\Web.csproj", "{6AD134DC-5230-4930-9F55-6805F5F784C9}"
EndProject
Project("{FAE04EC0-301F-11D3-BF4B-00C04F79EFBC}") = "Web.IntegrationTests", "Web.IntegrationTests\Web.IntegrationTests.csproj", "{BA55ABE6-B2F1-40C8-8974-D0AFB6EB46CC}"
EndProject
Project("{FAE04EC0-301F-11D3-BF4B-00C04F79EFBC}") = "Web.UnitTests", "Web.UnitTests\Web.UnitTests.csproj", "{9DD1B82C-0878-4948-89C3-F15BF1F2A4B2}"
EndProject
Project("{2150E333-8FDC-42A3-9474-1A3956D46DE8}") = "Functions", "Functions", "{46899413-A1AD-7709-F42F-DC74916C2577}"
EndProject
Project("{FAE04EC0-301F-11D3-BF4B-00C04F79EFBC}") = "UserPurgeFunction", "Functions\UserPurgeFunction\UserPurgeFunction.csproj", "{51BDE19D-595A-4C0D-99D2-8F14D0757A4C}"
EndProject
Global
	GlobalSection(SolutionConfigurationPlatforms) = preSolution
		Debug|Any CPU = Debug|Any CPU
		Debug|x64 = Debug|x64
		Debug|x86 = Debug|x86
		Release|Any CPU = Release|Any CPU
		Release|x64 = Release|x64
		Release|x86 = Release|x86
	EndGlobalSection
	GlobalSection(ProjectConfigurationPlatforms) = postSolution
		{6AD134DC-5230-4930-9F55-6805F5F784C9}.Debug|Any CPU.ActiveCfg = Debug|Any CPU
		{6AD134DC-5230-4930-9F55-6805F5F784C9}.Debug|Any CPU.Build.0 = Debug|Any CPU
		{6AD134DC-5230-4930-9F55-6805F5F784C9}.Debug|x64.ActiveCfg = Debug|Any CPU
		{6AD134DC-5230-4930-9F55-6805F5F784C9}.Debug|x64.Build.0 = Debug|Any CPU
		{6AD134DC-5230-4930-9F55-6805F5F784C9}.Debug|x86.ActiveCfg = Debug|Any CPU
		{6AD134DC-5230-4930-9F55-6805F5F784C9}.Debug|x86.Build.0 = Debug|Any CPU
		{6AD134DC-5230-4930-9F55-6805F5F784C9}.Release|Any CPU.ActiveCfg = Release|Any CPU
		{6AD134DC-5230-4930-9F55-6805F5F784C9}.Release|Any CPU.Build.0 = Release|Any CPU
		{6AD134DC-5230-4930-9F55-6805F5F784C9}.Release|x64.ActiveCfg = Release|Any CPU
		{6AD134DC-5230-4930-9F55-6805F5F784C9}.Release|x64.Build.0 = Release|Any CPU
		{6AD134DC-5230-4930-9F55-6805F5F784C9}.Release|x86.ActiveCfg = Release|Any CPU
		{6AD134DC-5230-4930-9F55-6805F5F784C9}.Release|x86.Build.0 = Release|Any CPU
		{BA55ABE6-B2F1-40C8-8974-D0AFB6EB46CC}.Debug|Any CPU.ActiveCfg = Debug|Any CPU
		{BA55ABE6-B2F1-40C8-8974-D0AFB6EB46CC}.Debug|Any CPU.Build.0 = Debug|Any CPU
		{BA55ABE6-B2F1-40C8-8974-D0AFB6EB46CC}.Debug|x64.ActiveCfg = Debug|Any CPU
		{BA55ABE6-B2F1-40C8-8974-D0AFB6EB46CC}.Debug|x64.Build.0 = Debug|Any CPU
		{BA55ABE6-B2F1-40C8-8974-D0AFB6EB46CC}.Debug|x86.ActiveCfg = Debug|Any CPU
		{BA55ABE6-B2F1-40C8-8974-D0AFB6EB46CC}.Debug|x86.Build.0 = Debug|Any CPU
		{BA55ABE6-B2F1-40C8-8974-D0AFB6EB46CC}.Release|Any CPU.ActiveCfg = Release|Any CPU
		{BA55ABE6-B2F1-40C8-8974-D0AFB6EB46CC}.Release|Any CPU.Build.0 = Release|Any CPU
		{BA55ABE6-B2F1-40C8-8974-D0AFB6EB46CC}.Release|x64.ActiveCfg = Release|Any CPU
		{BA55ABE6-B2F1-40C8-8974-D0AFB6EB46CC}.Release|x64.Build.0 = Release|Any CPU
		{BA55ABE6-B2F1-40C8-8974-D0AFB6EB46CC}.Release|x86.ActiveCfg = Release|Any CPU
		{BA55ABE6-B2F1-40C8-8974-D0AFB6EB46CC}.Release|x86.Build.0 = Release|Any CPU
		{9DD1B82C-0878-4948-89C3-F15BF1F2A4B2}.Debug|Any CPU.ActiveCfg = Debug|Any CPU
		{9DD1B82C-0878-4948-89C3-F15BF1F2A4B2}.Debug|Any CPU.Build.0 = Debug|Any CPU
		{9DD1B82C-0878-4948-89C3-F15BF1F2A4B2}.Debug|x64.ActiveCfg = Debug|Any CPU
		{9DD1B82C-0878-4948-89C3-F15BF1F2A4B2}.Debug|x64.Build.0 = Debug|Any CPU
		{9DD1B82C-0878-4948-89C3-F15BF1F2A4B2}.Debug|x86.ActiveCfg = Debug|Any CPU
		{9DD1B82C-0878-4948-89C3-F15BF1F2A4B2}.Debug|x86.Build.0 = Debug|Any CPU
		{9DD1B82C-0878-4948-89C3-F15BF1F2A4B2}.Release|Any CPU.ActiveCfg = Release|Any CPU
		{9DD1B82C-0878-4948-89C3-F15BF1F2A4B2}.Release|Any CPU.Build.0 = Release|Any CPU
		{9DD1B82C-0878-4948-89C3-F15BF1F2A4B2}.Release|x64.ActiveCfg = Release|Any CPU
		{9DD1B82C-0878-4948-89C3-F15BF1F2A4B2}.Release|x64.Build.0 = Release|Any CPU
		{9DD1B82C-0878-4948-89C3-F15BF1F2A4B2}.Release|x86.ActiveCfg = Release|Any CPU
		{9DD1B82C-0878-4948-89C3-F15BF1F2A4B2}.Release|x86.Build.0 = Release|Any CPU
		{51BDE19D-595A-4C0D-99D2-8F14D0757A4C}.Debug|Any CPU.ActiveCfg = Debug|Any CPU
		{51BDE19D-595A-4C0D-99D2-8F14D0757A4C}.Debug|Any CPU.Build.0 = Debug|Any CPU
		{51BDE19D-595A-4C0D-99D2-8F14D0757A4C}.Debug|x64.ActiveCfg = Debug|Any CPU
		{51BDE19D-595A-4C0D-99D2-8F14D0757A4C}.Debug|x64.Build.0 = Debug|Any CPU
		{51BDE19D-595A-4C0D-99D2-8F14D0757A4C}.Debug|x86.ActiveCfg = Debug|Any CPU
		{51BDE19D-595A-4C0D-99D2-8F14D0757A4C}.Debug|x86.Build.0 = Debug|Any CPU
		{51BDE19D-595A-4C0D-99D2-8F14D0757A4C}.Release|Any CPU.ActiveCfg = Release|Any CPU
		{51BDE19D-595A-4C0D-99D2-8F14D0757A4C}.Release|Any CPU.Build.0 = Release|Any CPU
		{51BDE19D-595A-4C0D-99D2-8F14D0757A4C}.Release|x64.ActiveCfg = Release|Any CPU
		{51BDE19D-595A-4C0D-99D2-8F14D0757A4C}.Release|x64.Build.0 = Release|Any CPU
		{51BDE19D-595A-4C0D-99D2-8F14D0757A4C}.Release|x86.ActiveCfg = Release|Any CPU
		{51BDE19D-595A-4C0D-99D2-8F14D0757A4C}.Release|x86.Build.0 = Release|Any CPU
	EndGlobalSection
	GlobalSection(SolutionProperties) = preSolution
		HideSolutionNode = FALSE
	EndGlobalSection
	GlobalSection(NestedProjects) = preSolution
		{51BDE19D-595A-4C0D-99D2-8F14D0757A4C} = {46899413-A1AD-7709-F42F-DC74916C2577}
	EndGlobalSection
EndGlobal
